
Microsoft Visual Studio Solution File, Format Version 12.00
# Visual Studio Version 17
VisualStudioVersion = 17.4.33213.308
MinimumVisualStudioVersion = 10.0.40219.1
Project("{FAE04EC0-301F-11D3-BF4B-00C04F79EFBC}") = "Textract", "Textract\Textract.csproj", "{58375859-26C6-44CF-A7EF-93655F3F850D}"
EndProject
Global
	GlobalSection(SolutionConfigurationPlatforms) = preSolution
		Debug|Any CPU = Debug|Any CPU
		Release|Any CPU = Release|Any CPU
	EndGlobalSection
	GlobalSection(ProjectConfigurationPlatforms) = postSolution
		{58375859-26C6-44CF-A7EF-93655F3F850D}.Debug|Any CPU.ActiveCfg = Debug|Any CPU
		{58375859-26C6-44CF-A7EF-93655F3F850D}.Debug|Any CPU.Build.0 = Debug|Any CPU
		{58375859-26C6-44CF-A7EF-93655F3F850D}.Release|Any CPU.ActiveCfg = Release|Any CPU
		{58375859-26C6-44CF-A7EF-93655F3F850D}.Release|Any CPU.Build.0 = Release|Any CPU
	EndGlobalSection
	GlobalSection(SolutionProperties) = preSolution
		HideSolutionNode = FALSE
	EndGlobalSection
	GlobalSection(ExtensibilityGlobals) = postSolution
		SolutionGuid = {2155B60F-5206-4AC4-ADDA-4CE4CA5B3246}
	EndGlobalSection
EndGlobal
